{
    "_meta": {
        "hash": {
            "sha256": "b8f90ae18b2146a3ecdc168d4470e30949c221c45aca572a64dd509919e6e570"
        },
        "pipfile-spec": 6,
        "requires": {
            "python_version": "3.8"
        },
        "sources": [
            {
                "name": "pypi",
                "url": "https://pypi.org/simple",
                "verify_ssl": true
            }
        ]
    },
    "default": {
        "attrs": {
            "hashes": [
                "sha256:2d27e3784d7a565d36ab851fe94887c5eccd6a463168875832a1be79c82828b4",
                "sha256:626ba8234211db98e869df76230a137c4c40a12d72445c45d5f5b716f076e2fd"
            ],
            "markers": "python_version >= '2.7' and python_version not in '3.0, 3.1, 3.2, 3.3, 3.4'",
            "version": "==21.4.0"
        },
        "beautifulsoup4": {
            "hashes": [
                "sha256:9a315ce70049920ea4572a4055bc4bd700c940521d36fc858205ad4fcde149bf",
                "sha256:c23ad23c521d818955a4151a67d81580319d4bf548d3d49f4223ae041ff98891"
            ],
            "markers": "python_version >= '3.1'",
            "version": "==4.10.0"
        },
        "bleach": {
            "hashes": [
                "sha256:0900d8b37eba61a802ee40ac0061f8c2b5dee29c1927dd1d233e075ebf5a71da",
                "sha256:4d2651ab93271d1129ac9cbc679f524565cc8a1b791909c4a51eac4446a15994"
            ],
            "markers": "python_version >= '3.6'",
            "version": "==4.1.0"
        },
        "certifi": {
            "hashes": [
                "sha256:78884e7c1d4b00ce3cea67b44566851c4343c120abd683433ce934a68ea58872",
                "sha256:d62a0163eb4c2344ac042ab2bdf75399a71a2d8c7d47eac2e2ee91b9d6339569"
            ],
            "version": "==2021.10.8"
        },
        "charset-normalizer": {
            "hashes": [
                "sha256:876d180e9d7432c5d1dfd4c5d26b72f099d503e8fcc0feb7532c9289be60fcbd",
                "sha256:cb957888737fc0bbcd78e3df769addb41fd1ff8cf950dc9e7ad7793f1bf44455"
            ],
            "markers": "python_version >= '3'",
            "version": "==2.0.10"
        },
        "contextlib2": {
            "hashes": [
                "sha256:3fbdb64466afd23abaf6c977627b75b6139a5a3e8ce38405c5b413aed7a0471f",
                "sha256:ab1e2bfe1d01d968e1b7e8d9023bc51ef3509bba217bb730cee3827e1ee82869"
            ],
            "markers": "python_version >= '3.6'",
            "version": "==21.6.0"
        },
        "execnet": {
            "hashes": [
                "sha256:8f694f3ba9cc92cab508b152dcfe322153975c29bda272e2fd7f3f00f36e47c5",
                "sha256:a295f7cc774947aac58dde7fdc85f4aa00c42adf5d8f5468fc630c1acf30a142"
            ],
            "markers": "python_version >= '2.7' and python_version not in '3.0, 3.1, 3.2, 3.3, 3.4'",
            "version": "==1.9.0"
        },
        "filelock": {
            "hashes": [
                "sha256:38b4f4c989f9d06d44524df1b24bd19e167d851f19b50bf3e3559952dddc5b80",
                "sha256:cf0fc6a2f8d26bd900f19bf33915ca70ba4dd8c56903eeb14e1e7a2fd7590146"
            ],
            "markers": "python_version >= '3.7'",
            "version": "==3.4.2"
        },
        "ftfy": {
            "hashes": [
                "sha256:ba71121a9c8d7790d3e833c6c1021143f3e5c4118293ec3afb5d43ed9ca8e72b"
            ],
            "markers": "python_version >= '3.6'",
            "version": "==6.0.3"
        },
        "fuzzywuzzy": {
            "hashes": [
                "sha256:45016e92264780e58972dca1b3d939ac864b78437422beecebb3095f8efd00e8",
                "sha256:928244b28db720d1e0ee7587acf660ea49d7e4c632569cad4f1cd7e68a5f0993"
            ],
            "version": "==0.18.0"
        },
        "html5lib": {
            "hashes": [
                "sha256:0d78f8fde1c230e99fe37986a60526d7049ed4bf8a9fadbad5f00e22e58e041d",
                "sha256:b2e5b40261e20f354d198eae92afc10d750afb487ed5e50f9c4eaf07c184146f"
            ],
            "markers": "python_version >= '2.7' and python_version not in '3.0, 3.1, 3.2, 3.3, 3.4'",
            "version": "==1.1"
        },
        "idna": {
            "hashes": [
                "sha256:84d9dd047ffa80596e0f246e2eab0b391788b0503584e8945f2368256d2735ff",
                "sha256:9d643ff0a55b762d5cdb124b8eaa99c66322e2157b69160bc32796e824360e6d"
            ],
            "markers": "python_version >= '3'",
            "version": "==3.3"
        },
        "iniconfig": {
            "hashes": [
                "sha256:011e24c64b7f47f6ebd835bb12a743f2fbe9a26d4cecaa7f53bc4f35ee9da8b3",
                "sha256:bc3af051d7d14b2ee5ef9969666def0cd1a000e121eaea580d4a313df4b37f32"
            ],
            "version": "==1.1.1"
        },
        "mock": {
            "hashes": [
                "sha256:122fcb64ee37cfad5b3f48d7a7d51875d7031aaf3d8be7c42e2bee25044eee62",
                "sha256:7d3fbbde18228f4ff2f1f119a45cdffa458b4c0dee32eb4d2bb2f82554bac7bc"
            ],
            "markers": "python_version >= '3.6'",
            "version": "==4.0.3"
        },
        "mrsnippets": {
            "hashes": [
                "sha256:69494d34c544600b420cbceaddb467657c822f0687536f7d5bdc22ab2e76043b",
                "sha256:a6d1f93a8d3c14e2fef574ca89b5f4b7fb274778842c7d0ef9ed144173b82ed9"
            ],
            "index": "pypi",
            "version": "==1.1.1"
        },
        "packaging": {
            "hashes": [
                "sha256:dd47c42927d89ab911e606518907cc2d3a1f38bbd026385970643f9c5b8ecfeb",
                "sha256:ef103e05f519cdc783ae24ea4e2e0f508a9c99b2d4969652eed6a2e1ea5bd522"
            ],
            "markers": "python_version >= '3.6'",
            "version": "==21.3"
        },
        "path": {
            "hashes": [
                "sha256:19429b3aa39982d372bd9c0e109fa8e991539ae3ae4151490da18b00586324a7",
                "sha256:5d8c2063ffade0766e0aa04255f8c0a0fd0eda5fdfb190375871b2f2b2e4afd7"
            ],
            "markers": "python_version >= '3.7'",
            "version": "==16.3.0"
        },
        "path.py": {
            "hashes": [
                "sha256:8d885e8b2497aed005703d94e0fd97943401f035e42a136810308bff034529a8",
                "sha256:a43e82eb2c344c3fd0b9d6352f6b856f40b8b7d3d65cc05978b42c3715668496"
            ],
            "markers": "python_version >= '3.5'",
            "version": "==12.5.0"
        },
        "pillow": {
            "hashes": [
                "sha256:03b27b197deb4ee400ed57d8d4e572d2d8d80f825b6634daf6e2c18c3c6ccfa6",
                "sha256:0b281fcadbb688607ea6ece7649c5d59d4bbd574e90db6cd030e9e85bde9fecc",
                "sha256:0ebd8b9137630a7bbbff8c4b31e774ff05bbb90f7911d93ea2c9371e41039b52",
                "sha256:113723312215b25c22df1fdf0e2da7a3b9c357a7d24a93ebbe80bfda4f37a8d4",
                "sha256:2d16b6196fb7a54aff6b5e3ecd00f7c0bab1b56eee39214b2b223a9d938c50af",
                "sha256:2fd8053e1f8ff1844419842fd474fc359676b2e2a2b66b11cc59f4fa0a301315",
                "sha256:31b265496e603985fad54d52d11970383e317d11e18e856971bdbb86af7242a4",
                "sha256:3586e12d874ce2f1bc875a3ffba98732ebb12e18fb6d97be482bd62b56803281",
                "sha256:47f5cf60bcb9fbc46011f75c9b45a8b5ad077ca352a78185bd3e7f1d294b98bb",
                "sha256:490e52e99224858f154975db61c060686df8a6b3f0212a678e5d2e2ce24675c9",
                "sha256:500d397ddf4bbf2ca42e198399ac13e7841956c72645513e8ddf243b31ad2128",
                "sha256:52abae4c96b5da630a8b4247de5428f593465291e5b239f3f843a911a3cf0105",
                "sha256:6579f9ba84a3d4f1807c4aab4be06f373017fc65fff43498885ac50a9b47a553",
                "sha256:68e06f8b2248f6dc8b899c3e7ecf02c9f413aab622f4d6190df53a78b93d97a5",
                "sha256:6c5439bfb35a89cac50e81c751317faea647b9a3ec11c039900cd6915831064d",
                "sha256:72c3110228944019e5f27232296c5923398496b28be42535e3b2dc7297b6e8b6",
                "sha256:72f649d93d4cc4d8cf79c91ebc25137c358718ad75f99e99e043325ea7d56100",
                "sha256:7aaf07085c756f6cb1c692ee0d5a86c531703b6e8c9cae581b31b562c16b98ce",
                "sha256:80fe92813d208ce8aa7d76da878bdc84b90809f79ccbad2a288e9bcbeac1d9bd",
                "sha256:95545137fc56ce8c10de646074d242001a112a92de169986abd8c88c27566a05",
                "sha256:97b6d21771da41497b81652d44191489296555b761684f82b7b544c49989110f",
                "sha256:98cb63ca63cb61f594511c06218ab4394bf80388b3d66cd61d0b1f63ee0ea69f",
                "sha256:9f3b4522148586d35e78313db4db0df4b759ddd7649ef70002b6c3767d0fdeb7",
                "sha256:a09a9d4ec2b7887f7a088bbaacfd5c07160e746e3d47ec5e8050ae3b2a229e9f",
                "sha256:b5050d681bcf5c9f2570b93bee5d3ec8ae4cf23158812f91ed57f7126df91762",
                "sha256:bb47a548cea95b86494a26c89d153fd31122ed65255db5dcbc421a2d28eb3379",
                "sha256:bc462d24500ba707e9cbdef436c16e5c8cbf29908278af053008d9f689f56dee",
                "sha256:c2067b3bb0781f14059b112c9da5a91c80a600a97915b4f48b37f197895dd925",
                "sha256:d154ed971a4cc04b93a6d5b47f37948d1f621f25de3e8fa0c26b2d44f24e3e8f",
                "sha256:d5dcea1387331c905405b09cdbfb34611050cc52c865d71f2362f354faee1e9f",
                "sha256:ee6e2963e92762923956fe5d3479b1fdc3b76c83f290aad131a2f98c3df0593e",
                "sha256:fd0e5062f11cb3e730450a7d9f323f4051b532781026395c4323b8ad055523c4"
            ],
            "index": "pypi",
            "version": "==9.0.0"
        },
        "pluggy": {
            "hashes": [
                "sha256:4224373bacce55f955a878bf9cfa763c1e360858e330072059e10bad68531159",
                "sha256:74134bbf457f031a36d68416e1509f34bd5ccc019f0bcc952c7b909d06b37bd3"
            ],
            "markers": "python_version >= '3.6'",
            "version": "==1.0.0"
        },
        "py": {
            "hashes": [
                "sha256:51c75c4126074b472f746a24399ad32f6053d1b34b68d2fa41e558e6f4a98719",
                "sha256:607c53218732647dff4acdfcd50cb62615cedf612e72d1724fb1a0cc6405b378"
            ],
            "markers": "python_version >= '2.7' and python_version not in '3.0, 3.1, 3.2, 3.3, 3.4'",
            "version": "==1.11.0"
        },
        "pymongo": {
            "hashes": [
                "sha256:0238e53b452ab699b5e2e3f8af2557844c80ab0d0c7a0e066226882838e72756",
                "sha256:0271bbba36bb130202e011171c1883c4c193036ad0b1e02ecfbea6837790b7de",
                "sha256:069d49b193f94bb1d748cfd8faf697060a2299f40d86bf5b6d41dd3cedf0fd48",
                "sha256:06af6e6374ee2bb70f724e09ddf9402907a3d6714828b908737948cd83e5685c",
                "sha256:0c77cd3dbe0dd9e7cdf8c93dc24e5a4fcb56e115ffb259d4f399e4aaf3f3c62d",
                "sha256:0e9a2628bcd896368ede456bcfe189d9ca65b18fb0dd91974cb734baf2e24af9",
                "sha256:12d336bdbe60982de55651be397b5e49d7eadd2aa144f11da353002cd52502ed",
                "sha256:132cc67b909835d7c230888387b4cc9596d4559a3ce90d947e03bc0b0ffe420b",
                "sha256:13d0624c13a91da71fa0d960205d93b3d98344481be865ee7cc238c972d41d73",
                "sha256:1498f388181ae5592c7b60549faaefaffc62d6e3754097576611cb642d21d37b",
                "sha256:1617fd52da7b208fe5ea176d251dd7cf1b5309e5a4272754b9599edfdf7e64e5",
                "sha256:177ed1b14aa4f84f00ebef1b0f785680fbaa610361942b23eb54f562fe4c6b34",
                "sha256:186b2ff4518c1c169fcef5047deb0e6c13a2354d143859587e745fd9f2cf68e9",
                "sha256:1ba8eb426d56556fffec53d600a8f2572589c19d50b30f61daa8f4d72ab92fbe",
                "sha256:1c153274699424e8f89f2097d5113f8cbe7898a8d62afaad0270a0f0bd0af53b",
                "sha256:1fd71b4d7070b01c7f66edc44c1ec2f8bcace2761c3a6ecc10449a40e474d2fa",
                "sha256:28afb00423e521f4b04fb8f75da7c0215e46631e821e27abf5a7176f9b671f47",
                "sha256:349c8e522e0b785f442fc9d7fc01c59f7f13f1abe9395310d0d817cff03ec034",
                "sha256:35a5843546bcbe0422f30b4b2bd5e0b630b04cc4006492c70e8168a921d94b9e",
                "sha256:38b21eddd021a943b1978b0a3d42e974956a338e3dbb88d56aeb8b8799abd6e8",
                "sha256:3a4eb0a4db8a2d960bdd5354f05e2e57530e83d333cb644fb2b7120a7a954a69",
                "sha256:40269fe6bb79fe00c8ba7c2f2d542a82711eb234c3dedb90b7e489386120e9d1",
                "sha256:426584e99af31ad2398e617c3eb0f1ebcda37f0ffb2d3e56087cdaf23a2f1689",
                "sha256:47a58f15fc70198cf95982f9699e17fec12287b90f30e90c5e2b7c1c1bc07914",
                "sha256:512059a902ea2cbcd0afac370af580e67ccd4c7e41ecaff0f0fbd03653b25ca2",
                "sha256:51664dac8d9b138259876f324adca5ab31d991acf88d1d0ffcc94f423ff2e31b",
                "sha256:59a4a5fe5379e4fa93380fd0b55bccbdbeb8d04fcfbbad8b42bd31610d5ed3ad",
                "sha256:5cbfa85a12cfe3dca21951cd432051c505ac461bd9f4a635207d982dd9df2373",
                "sha256:5fea4207fec8909e155a7948c987eac61949dbbe97fd0c388e587d06ba9bc78d",
                "sha256:6183476860511cb553a7e4c40936221b6985af7852029c84df898370ec8a028c",
                "sha256:62459b91a513a7b441cfd70ea7fd15c50b858877ca823915d32bab08fe173edb",
                "sha256:633ca2001f80900142068bab907feca99554b557ac105c74a9ed157ed38ca5d6",
                "sha256:65f8a93816dcb2202710839907759aca9eece94d9f13215686f224fcc8966f9e",
                "sha256:686c40344f7f82c4deaa4e17aa46ad97df51263be1434aeedd2d6b6f38c7f44a",
                "sha256:6cd7a4321e718cb98a7c7c475b0757e77fdaf1cdb013d7d2e781ba45219e1144",
                "sha256:6f0605b1146bc24c720aac0e806492144aea9d5a4dc956589e0544301862756a",
                "sha256:716499113650aacfe1b94d37e0a863f1e84b8d47737c74a2f44f8dfccad46952",
                "sha256:71810eade75ae1c466adc158d1fa8141040f75427b76240316d97f3c89edd72f",
                "sha256:72a0c06b76b254bdec18af9add3b8d35796dda51e64a5e0e48d40bff7b41ab13",
                "sha256:7450b25a803b0f57dae4c3fbd0df742f7f3344c3c9cabb86e4180083c3ebd893",
                "sha256:75e449ab068af63b7729195343315bc63d242166d88467314be182cc54ce235d",
                "sha256:7629abba158610cb5db6c22041b287f9398555d72bf9468d44d2efc03d837b81",
                "sha256:774b9f48bdc385af6654def31e7a7617e01b99cc8aaca1ab3ef6ea0492205e57",
                "sha256:7a091050bb8d54a5200193b4998e0cf763d083f93d97c7780963c09996f85a38",
                "sha256:7bdb66340e246b5dcddfcfe79a63ac2ec3808dc394853476f49fc785425040f4",
                "sha256:812650a2e8a08b812d6a3c937f482bd2c9355e90574964fa283b4d8ef4ae665e",
                "sha256:84eec41ed982f21ceb58689e16a630a70301eb14499c929388a5bf6464518d9d",
                "sha256:86d0e28dd5867153d9d9963a4eb17764854a925758fc2db0a814260f82fd4319",
                "sha256:87dce7c85387ca033cf76cce773ace7675550dcffc456db32a34403439e53e45",
                "sha256:8869feff59f08cd63979df26aa12343a85bdc7fbd1b79fda8ae39f31a310fa62",
                "sha256:8baf23d6a0a08b697854e5bcdf82afb91da732cf575fd47ee93945c3654132d8",
                "sha256:8da525765dbcc1b7abf1bba623f9f701d8759a8fb19594cd71a13b7b0c2c56bd",
                "sha256:9043bfb816ed50d831acc8d06469dcc41597b4f50c30e62227a93f9f9e37d6c7",
                "sha256:91c049104b51321e4e18d41edc6850d9f0890ac609b3cb3b8db86dc51666de17",
                "sha256:93c25fbb5dbc436edbb74101f4da49a42bd3af534513fdf8e75fc72ef035d5e0",
                "sha256:953129b6b952a9d22042ac23050053444624f630e1928f5f590788660905fa9c",
                "sha256:9ff0dbec451a2c6226bbd6f2bbbde438bc263e002f3f97d151c8708732ba5197",
                "sha256:a47f4b24b1360da172cae07ce90e9bd425b6db0052d76142c7fef47173a27283",
                "sha256:a57e271a0647002b5683dd0c7c2fd7f5fb939357c44396d85298e51a3561b9e3",
                "sha256:b0606d14892ae2a2b1450e37c8924381e9b64683386a9853e4467f02fd5b44b6",
                "sha256:b73ff8582964f52ab1bf1a9fdddc1454143172a0b8a9d7d6e3972dd1134f7982",
                "sha256:bf6047dea1bc8ae19fc14e01b5cb70b3810f91b100d9a535751dd3eadcd3016c",
                "sha256:c0efc5ab7d9b9e64726496bf650dbc7f1754124a48d076e5292cc5306e61a530",
                "sha256:c86a0614eda95db036fae01a89f3917d7abdc657c806bac2a32eec74724d9330",
                "sha256:c878286b1464f462616a47f315d14f02f03512c6b81cb568e996c3f1f79bff8a",
                "sha256:cd4cde3dfdd347d638171eca53ee6e787d4b1247c6e182f8616039b1df6278d5",
                "sha256:ceb9a4986f56595e73fffeef3ec037280eda938ed5fe6e4e0961656669d89b32",
                "sha256:d419e2dbc4943ad6df7ee05e707d7b2c2b512b92407bb6ff643bccbdea399c3a",
                "sha256:d66462f740dcea496bd779775688a0f805860f0b01998bb59ca22566b098ee26",
                "sha256:d7514231a03e95072b32d9b335b96253799802ab94647ce83585d5010749380a",
                "sha256:d9f61b08b60909d936c1f3a4e12c163ca71fd1a4665fc6e078afc6f54f886977",
                "sha256:da576e59f5f8a642ee26d027479325a45be45defe075b6fa7c84506dabc76883",
                "sha256:ddaf391ba74eef47eb5afbc40d0b6ddcdbdb417ec8edc8ae95352d25485076db",
                "sha256:e2b6a323ca545bcb4286d14c0bd75d9a1f5bce2fa1d7fa3621e5f71fd9b8d196",
                "sha256:e3f6faea65a73ed54111f209b4a411fe012c68f04e8bde96dd7af89b13cac92b",
                "sha256:e4e36810c541bd1976cd05452e797860b775886cf32c3e8136b9fe48c2c8ba95",
                "sha256:e5441f4c8142a250695e249e432637c14f79d856a2b60e0974da082e006c53e2",
                "sha256:e7aedefc87cb46544a3865a19c1d5ca7ddf5ec5ed7dfe162d9538d7543aef499",
                "sha256:ee2c1fd5bd57fd0092dfa31c1f9f166cf2850f191311603ce343cadcc8608d60",
                "sha256:f2b6e12f98cce588525f3db802c88f9795d294549ebfe7c2c9bb81333f533ecd",
                "sha256:f333c0d71dd892683e608f8d1731785a0aa67b1ec012b0d9fc863e8d7224f64e",
                "sha256:f3e20eb096deea92350f7198a4287d45883a62fe4459d027ce789e72ceba12ee",
                "sha256:f785375ca2b4e2192786f1e0d2a94c66900d12e780ebae1eccbbab85eb9a7054"
            ],
            "markers": "python_version >= '3.6'",
            "version": "==4.0.1"
        },
        "pymysql": {
            "hashes": [
                "sha256:41fc3a0c5013d5f039639442321185532e3e2c8924687abe6537de157d403641",
                "sha256:816927a350f38d56072aeca5dfb10221fe1dc653745853d30a216637f5d7ad36"
            ],
            "markers": "python_version >= '3.6'",
            "version": "==1.0.2"
        },
        "pyparsing": {
            "hashes": [
                "sha256:04ff808a5b90911829c55c4e26f75fa5ca8a2f5f36aa3a51f68e27033341d3e4",
                "sha256:d9bdec0013ef1eb5a84ab39a3b3868911598afa494f5faa038647101504e2b81"
            ],
            "markers": "python_version >= '3.6'",
            "version": "==3.0.6"
        },
        "pytest": {
            "hashes": [
                "sha256:131b36680866a76e6781d13f101efb86cf674ebb9762eb70d3082b6f29889e89",
                "sha256:7310f8d27bc79ced999e760ca304d69f6ba6c6649c0b60fb0e04a4a77cacc134"
            ],
            "markers": "python_version >= '3.6'",
            "version": "==6.2.5"
        },
        "pytest-shutil": {
            "hashes": [
                "sha256:03c67282a0c520a790ca8db6f65e18851fae3786f45e3ae34e8d9fccbf266a72",
                "sha256:343a6902a8ed0cbd29cf8954e2726382228a2ad2f5f7eac589b0d0dff878d806",
                "sha256:b3568a675cb092c9b15c789ebd3046b79cfaca476868939748729d14557a98ff",
                "sha256:d8165261de76e7508505c341d94c02b113dc963f274543abca74dbfabd021261"
            ],
            "version": "==1.7.0"
        },
        "requests": {
            "hashes": [
                "sha256:68d7c56fd5a8999887728ef304a6d12edc7be74f1cfa47714fc8b414525c9a61",
                "sha256:f22fa1e554c9ddfd16e6e41ac79759e17be9e492b3587efa038054674760e72d"
            ],
            "markers": "python_version >= '2.7' and python_version not in '3.0, 3.1, 3.2, 3.3, 3.4, 3.5'",
            "version": "==2.27.1"
        },
        "requests-file": {
            "hashes": [
                "sha256:07d74208d3389d01c38ab89ef403af0cfec63957d53a0081d8eca738d0247d8e",
                "sha256:dfe5dae75c12481f68ba353183c53a65e6044c923e64c24b2209f6c7570ca953"
            ],
            "version": "==1.5.1"
        },
        "six": {
            "hashes": [
                "sha256:1e61c37477a1626458e36f7b1d82aa5c9b094fa4802892072e49de9c60c4c926",
                "sha256:8abb2f1d86890a2dfb989f9a77cfcfd3e47c2a354b01111771326f8aa26e0254"
            ],
            "markers": "python_version >= '2.7' and python_version not in '3.0, 3.1, 3.2, 3.3'",
            "version": "==1.16.0"
        },
        "soupsieve": {
            "hashes": [
                "sha256:1a3cca2617c6b38c0343ed661b1fa5de5637f257d4fe22bd9f1338010a1efefb",
                "sha256:b8d49b1cd4f037c7082a9683dfa1801aa2597fb11c3a1155b7a5b94829b4f1f9"
            ],
            "markers": "python_version >= '3.6'",
            "version": "==2.3.1"
        },
        "termcolor": {
            "hashes": [
                "sha256:1d6d69ce66211143803fbc56652b41d73b4a400a2891d7bf7a1cdf4c02de613b"
            ],
            "version": "==1.1.0"
        },
        "tldextract": {
            "hashes": [
                "sha256:d2034c3558651f7d8fdadea83fb681050b2d662dc67a00d950326dc902029444",
                "sha256:f55e05f6bf4cc952a87d13594386d32ad2dd265630a8bdfc3df03bd60425c6b0"
            ],
            "markers": "python_version >= '3.6'",
            "version": "==3.1.2"
        },
        "toml": {
            "hashes": [
                "sha256:806143ae5bfb6a3c6e736a764057db0e6a0e05e338b5630894a5f779cabb4f9b",
                "sha256:b3bda1d108d5dd99f4a20d24d9c348e91c4db7ab1b749200bded2f839ccbe68f"
            ],
            "markers": "python_version >= '2.6' and python_version not in '3.0, 3.1, 3.2, 3.3'",
            "version": "==0.10.2"
        },
        "urllib3": {
            "hashes": [
                "sha256:000ca7f471a233c2251c6c7023ee85305721bfdf18621ebff4fd17a8653427ed",
                "sha256:0e7c33d9a63e7ddfcb86780aac87befc2fbddf46c58dbb487e0855f7ceec283c"
            ],
            "markers": "python_version >= '2.7' and python_version not in '3.0, 3.1, 3.2, 3.3, 3.4' and python_version < '4'",
            "version": "==1.26.8"
        },
        "user-agent": {
            "hashes": [
                "sha256:b86537cb2a9d3bda0e2afcc654ec15b383502836877a67520654acadf73f1723"
            ],
            "version": "==0.1.10"
        },
        "wcwidth": {
            "hashes": [
                "sha256:beb4802a9cebb9144e99086eff703a642a13d6a0052920003a230f3294bbe784",
                "sha256:c4d647b99872929fdb7bdcaa4fbe7f01413ed3d98077df798530e5b04f116c83"
            ],
            "version": "==0.2.5"
        },
        "webencodings": {
            "hashes": [
                "sha256:a0af1213f3c2226497a97e2b3aa01a7e4bee4f403f95be16fc9acd2947514a78",
                "sha256:b36a1c245f2d304965eb4e0a82848379241dc04b865afcc4aab16748587e1923"
            ],
            "version": "==0.5.1"
        }
    },
    "develop": {}
}
